{
    "version": 3,
    "terraform_version": "0.11.11",
    "serial": 21,
    "lineage": "70dd29ed-0b40-0846-28c1-d8cc9c576d86",
    "modules": [
        {
            "path": [
                "root"
            ],
            "outputs": {
                "Private Security Group": {
                    "sensitive": false,
                    "type": "string",
                    "value": "sg-034401560e60a7d0d"
                },
                "Private Subnets": {
                    "sensitive": false,
                    "type": "string",
                    "value": "subnet-04493510cdf1f0241, subnet-0595cb773607ed3ce, 192.168.3.0/24, 192.168.4.0/24"
                },
                "Public Security Group": {
                    "sensitive": false,
                    "type": "string",
                    "value": "sg-05a6b378a64a7e0a4"
                },
                "Public Subnets": {
                    "sensitive": false,
                    "type": "string",
                    "value": "subnet-08cb12cb9fc2c93c3, subnet-0d32392fb6d288c6e, 192.168.1.0/24, 192.168.2.0/24"
                },
                "S3 Bucket": {
                    "sensitive": false,
                    "type": "string",
                    "value": "easethelifehimanshu.com"
                }
            },
            "resources": {},
            "depends_on": []
        },
        {
            "path": [
                "root",
                "compute"
            ],
            "outputs": {},
            "resources": {
                "aws_instance.tf_server.0": {
                    "type": "aws_instance",
                    "depends_on": [
                        "aws_key_pair.tf_auth",
                        "data.aws_ami.server_ami"
                    ],
                    "primary": {
                        "id": "i-009ee0de7387c20eb",
                        "attributes": {
                            "ami": "ami-01e24be29428c15b2",
                            "arn": "arn:aws:ec2:us-west-2:382161387189:instance/i-009ee0de7387c20eb",
                            "associate_public_ip_address": "true",
                            "availability_zone": "us-west-2a",
                            "cpu_core_count": "1",
                            "cpu_threads_per_core": "1",
                            "credit_specification.#": "1",
                            "credit_specification.0.cpu_credits": "standard",
                            "disable_api_termination": "false",
                            "ebs_block_device.#": "0",
                            "ebs_optimized": "false",
                            "ephemeral_block_device.#": "0",
                            "get_password_data": "false",
                            "iam_instance_profile": "",
                            "id": "i-009ee0de7387c20eb",
                            "instance_state": "running",
                            "instance_type": "t2.micro",
                            "ipv6_address_count": "0",
                            "ipv6_addresses.#": "0",
                            "key_name": "tf_key",
                            "monitoring": "false",
                            "network_interface.#": "0",
                            "password_data": "",
                            "placement_group": "",
                            "primary_network_interface_id": "eni-0ba61c279b39cb02b",
                            "private_dns": "ip-192-168-1-210.us-west-2.compute.internal",
                            "private_ip": "192.168.1.210",
                            "public_dns": "ec2-54-244-134-52.us-west-2.compute.amazonaws.com",
                            "public_ip": "54.244.134.52",
                            "root_block_device.#": "1",
                            "root_block_device.0.delete_on_termination": "true",
                            "root_block_device.0.iops": "100",
                            "root_block_device.0.volume_id": "vol-0ee236b1f7cebf078",
                            "root_block_device.0.volume_size": "8",
                            "root_block_device.0.volume_type": "gp2",
                            "security_groups.#": "0",
                            "source_dest_check": "true",
                            "subnet_id": "subnet-08cb12cb9fc2c93c3",
                            "tags.%": "1",
                            "tags.Name": "tf_server-1",
                            "tenancy": "default",
                            "volume_tags.%": "0",
                            "vpc_security_group_ids.#": "1",
                            "vpc_security_group_ids.2081481949": "sg-05a6b378a64a7e0a4"
                        },
                        "meta": {
                            "e2bfb730-ecaa-11e6-8f88-34363bc7c4c0": {
                                "create": 600000000000,
                                "delete": 1200000000000,
                                "update": 600000000000
                            },
                            "schema_version": "1"
                        },
                        "tainted": false
                    },
                    "deposed": [],
                    "provider": "provider.aws"
                },
                "aws_instance.tf_server.1": {
                    "type": "aws_instance",
                    "depends_on": [
                        "aws_key_pair.tf_auth",
                        "data.aws_ami.server_ami"
                    ],
                    "primary": {
                        "id": "i-0fa203ccc69d392e8",
                        "attributes": {
                            "ami": "ami-01e24be29428c15b2",
                            "arn": "arn:aws:ec2:us-west-2:382161387189:instance/i-0fa203ccc69d392e8",
                            "associate_public_ip_address": "true",
                            "availability_zone": "us-west-2b",
                            "cpu_core_count": "1",
                            "cpu_threads_per_core": "1",
                            "credit_specification.#": "1",
                            "credit_specification.0.cpu_credits": "standard",
                            "disable_api_termination": "false",
                            "ebs_block_device.#": "0",
                            "ebs_optimized": "false",
                            "ephemeral_block_device.#": "0",
                            "get_password_data": "false",
                            "iam_instance_profile": "",
                            "id": "i-0fa203ccc69d392e8",
                            "instance_state": "running",
                            "instance_type": "t2.micro",
                            "ipv6_address_count": "0",
                            "ipv6_addresses.#": "0",
                            "key_name": "tf_key",
                            "monitoring": "false",
                            "network_interface.#": "0",
                            "password_data": "",
                            "placement_group": "",
                            "primary_network_interface_id": "eni-0499913ee687434dc",
                            "private_dns": "ip-192-168-2-98.us-west-2.compute.internal",
                            "private_ip": "192.168.2.98",
                            "public_dns": "ec2-54-191-147-204.us-west-2.compute.amazonaws.com",
                            "public_ip": "54.191.147.204",
                            "root_block_device.#": "1",
                            "root_block_device.0.delete_on_termination": "true",
                            "root_block_device.0.iops": "100",
                            "root_block_device.0.volume_id": "vol-08f2d1ed1e29e724b",
                            "root_block_device.0.volume_size": "8",
                            "root_block_device.0.volume_type": "gp2",
                            "security_groups.#": "0",
                            "source_dest_check": "true",
                            "subnet_id": "subnet-0d32392fb6d288c6e",
                            "tags.%": "1",
                            "tags.Name": "tf_server-2",
                            "tenancy": "default",
                            "volume_tags.%": "0",
                            "vpc_security_group_ids.#": "1",
                            "vpc_security_group_ids.2081481949": "sg-05a6b378a64a7e0a4"
                        },
                        "meta": {
                            "e2bfb730-ecaa-11e6-8f88-34363bc7c4c0": {
                                "create": 600000000000,
                                "delete": 1200000000000,
                                "update": 600000000000
                            },
                            "schema_version": "1"
                        },
                        "tainted": false
                    },
                    "deposed": [],
                    "provider": "provider.aws"
                },
                "aws_key_pair.tf_auth": {
                    "type": "aws_key_pair",
                    "depends_on": [],
                    "primary": {
                        "id": "tf_key",
                        "attributes": {
                            "fingerprint": "c8:70:b6:01:3f:76:9c:8e:a3:dd:e4:2d:f2:5c:19:7a",
                            "id": "tf_key",
                            "key_name": "tf_key",
                            "public_key": "---- BEGIN SSH2 PUBLIC KEY ----\r\nComment: \"rsa-key-20190424\"\r\nAAAAB3NzaC1yc2EAAAABJQAAAQEAk++7Ac3IPrGFjeL4PBHGi3wF8KDH9x/pqzQV\r\nS97SqSrleiSNBAPhVRLjRljCak+cZHiJ3aQyLuIRNXx17JLqoY+l2EmmramY4Ji+\r\nuYnTiQyJF1lgQ2MDJYHHuiBhTuDdflH7jtKH033iR23Yo9alYg8FpO42PZoUGwCw\r\nyQTu/XEjUpbGMALTuKuzGplUde6vSBExEGDLDtQ77fvrbDW4lhNCqh21433KhU8e\r\nZSPUaS5yEapzXqklZ0Xu2mV+7jftRt1rF1ulzg9EF8Sps5JHSVpOtpQMs8rTNp9g\r\n0Kmcwm76k9tjkA7W2QZlX6bkTLMloVPDdMNYPT18NlC3r2HdHw==\r\n---- END SSH2 PUBLIC KEY ----"
                        },
                        "meta": {
                            "schema_version": "1"
                        },
                        "tainted": false
                    },
                    "deposed": [],
                    "provider": "provider.aws"
                },
                "data.aws_ami.server_ami": {
                    "type": "aws_ami",
                    "depends_on": [],
                    "primary": {
                        "id": "ami-01e24be29428c15b2",
                        "attributes": {
                            "architecture": "x86_64",
                            "block_device_mappings.#": "1",
                            "block_device_mappings.340275815.device_name": "/dev/xvda",
                            "block_device_mappings.340275815.ebs.%": "6",
                            "block_device_mappings.340275815.ebs.delete_on_termination": "true",
                            "block_device_mappings.340275815.ebs.encrypted": "false",
                            "block_device_mappings.340275815.ebs.iops": "0",
                            "block_device_mappings.340275815.ebs.snapshot_id": "snap-0af9c0b1d247238d6",
                            "block_device_mappings.340275815.ebs.volume_size": "8",
                            "block_device_mappings.340275815.ebs.volume_type": "gp2",
                            "block_device_mappings.340275815.no_device": "",
                            "block_device_mappings.340275815.virtual_name": "",
                            "creation_date": "2018-11-28T21:08:10.000Z",
                            "description": "Amazon Linux AMI 2018.03.0.20181129 x86_64 HVM gp2",
                            "filter.#": "2",
                            "filter.2898439165.name": "name",
                            "filter.2898439165.values.#": "1",
                            "filter.2898439165.values.0": "amzn-ami-hvm*-x86_64-gp2",
                            "filter.574890044.name": "owner-alias",
                            "filter.574890044.values.#": "1",
                            "filter.574890044.values.0": "amazon",
                            "hypervisor": "xen",
                            "id": "ami-01e24be29428c15b2",
                            "image_id": "ami-01e24be29428c15b2",
                            "image_location": "amazon/amzn-ami-hvm-2018.03.0.20181129-x86_64-gp2",
                            "image_owner_alias": "amazon",
                            "image_type": "machine",
                            "most_recent": "true",
                            "name": "amzn-ami-hvm-2018.03.0.20181129-x86_64-gp2",
                            "owner_id": "137112412989",
                            "owners.#": "1",
                            "owners.0": "amazon",
                            "product_codes.#": "0",
                            "public": "true",
                            "root_device_name": "/dev/xvda",
                            "root_device_type": "ebs",
                            "root_snapshot_id": "snap-0af9c0b1d247238d6",
                            "sriov_net_support": "simple",
                            "state": "available",
                            "state_reason.%": "2",
                            "state_reason.code": "UNSET",
                            "state_reason.message": "UNSET",
                            "tags.%": "0",
                            "virtualization_type": "hvm"
                        },
                        "meta": {},
                        "tainted": false
                    },
                    "deposed": [],
                    "provider": "provider.aws"
                }
            },
            "depends_on": []
        },
        {
            "path": [
                "root",
                "networking"
            ],
            "outputs": {
                "private_sg": {
                    "sensitive": false,
                    "type": "string",
                    "value": "sg-034401560e60a7d0d"
                },
                "private_subnet_ips": {
                    "sensitive": false,
                    "type": "list",
                    "value": [
                        "192.168.3.0/24",
                        "192.168.4.0/24"
                    ]
                },
                "private_subnets": {
                    "sensitive": false,
                    "type": "list",
                    "value": [
                        "subnet-04493510cdf1f0241",
                        "subnet-0595cb773607ed3ce"
                    ]
                },
                "public_sg": {
                    "sensitive": false,
                    "type": "string",
                    "value": "sg-05a6b378a64a7e0a4"
                },
                "public_subnet_ips": {
                    "sensitive": false,
                    "type": "list",
                    "value": [
                        "192.168.1.0/24",
                        "192.168.2.0/24"
                    ]
                },
                "public_subnets": {
                    "sensitive": false,
                    "type": "list",
                    "value": [
                        "subnet-08cb12cb9fc2c93c3",
                        "subnet-0d32392fb6d288c6e"
                    ]
                }
            },
            "resources": {
                "aws_internet_gateway.igw": {
                    "type": "aws_internet_gateway",
                    "depends_on": [
                        "aws_vpc.tf_vpc"
                    ],
                    "primary": {
                        "id": "igw-00c24937cf516c5a5",
                        "attributes": {
                            "id": "igw-00c24937cf516c5a5",
                            "owner_id": "382161387189",
                            "tags.%": "1",
                            "tags.Name": "igw_tf",
                            "vpc_id": "vpc-0269a50f73ad9793a"
                        },
                        "meta": {},
                        "tainted": false
                    },
                    "deposed": [],
                    "provider": "provider.aws"
                },
                "aws_route_table.tf_private_rt": {
                    "type": "aws_route_table",
                    "depends_on": [
                        "aws_vpc.tf_vpc"
                    ],
                    "primary": {
                        "id": "rtb-0544bcc0e2c21b6bc",
                        "attributes": {
                            "id": "rtb-0544bcc0e2c21b6bc",
                            "owner_id": "382161387189",
                            "propagating_vgws.#": "0",
                            "route.#": "0",
                            "tags.%": "1",
                            "tags.Name": "tf_private",
                            "vpc_id": "vpc-0269a50f73ad9793a"
                        },
                        "meta": {},
                        "tainted": false
                    },
                    "deposed": [],
                    "provider": "provider.aws"
                },
                "aws_route_table.tf_public_rt": {
                    "type": "aws_route_table",
                    "depends_on": [
                        "aws_internet_gateway.igw",
                        "aws_vpc.tf_vpc"
                    ],
                    "primary": {
                        "id": "rtb-01d8e9a9d71e51d92",
                        "attributes": {
                            "id": "rtb-01d8e9a9d71e51d92",
                            "owner_id": "382161387189",
                            "propagating_vgws.#": "0",
                            "route.#": "1",
                            "route.223750433.cidr_block": "0.0.0.0/0",
                            "route.223750433.egress_only_gateway_id": "",
                            "route.223750433.gateway_id": "igw-00c24937cf516c5a5",
                            "route.223750433.instance_id": "",
                            "route.223750433.ipv6_cidr_block": "",
                            "route.223750433.nat_gateway_id": "",
                            "route.223750433.network_interface_id": "",
                            "route.223750433.transit_gateway_id": "",
                            "route.223750433.vpc_peering_connection_id": "",
                            "tags.%": "1",
                            "tags.Name": "tf_public",
                            "vpc_id": "vpc-0269a50f73ad9793a"
                        },
                        "meta": {},
                        "tainted": false
                    },
                    "deposed": [],
                    "provider": "provider.aws"
                },
                "aws_route_table_association.tf_private_assoc.0": {
                    "type": "aws_route_table_association",
                    "depends_on": [
                        "aws_route_table.tf_private_rt",
                        "aws_subnet.tf_private_subnet",
                        "aws_subnet.tf_private_subnet.*"
                    ],
                    "primary": {
                        "id": "rtbassoc-076892d6ff7dc0bd5",
                        "attributes": {
                            "id": "rtbassoc-076892d6ff7dc0bd5",
                            "route_table_id": "rtb-0544bcc0e2c21b6bc",
                            "subnet_id": "subnet-04493510cdf1f0241"
                        },
                        "meta": {},
                        "tainted": false
                    },
                    "deposed": [],
                    "provider": "provider.aws"
                },
                "aws_route_table_association.tf_private_assoc.1": {
                    "type": "aws_route_table_association",
                    "depends_on": [
                        "aws_route_table.tf_private_rt",
                        "aws_subnet.tf_private_subnet",
                        "aws_subnet.tf_private_subnet.*"
                    ],
                    "primary": {
                        "id": "rtbassoc-0a4042642c3f75a9e",
                        "attributes": {
                            "id": "rtbassoc-0a4042642c3f75a9e",
                            "route_table_id": "rtb-0544bcc0e2c21b6bc",
                            "subnet_id": "subnet-0595cb773607ed3ce"
                        },
                        "meta": {},
                        "tainted": false
                    },
                    "deposed": [],
                    "provider": "provider.aws"
                },
                "aws_route_table_association.tf_public_assoc.0": {
                    "type": "aws_route_table_association",
                    "depends_on": [
                        "aws_route_table.tf_public_rt",
                        "aws_subnet.tf_public_subnet",
                        "aws_subnet.tf_public_subnet.*"
                    ],
                    "primary": {
                        "id": "rtbassoc-036106c86a080978d",
                        "attributes": {
                            "id": "rtbassoc-036106c86a080978d",
                            "route_table_id": "rtb-01d8e9a9d71e51d92",
                            "subnet_id": "subnet-08cb12cb9fc2c93c3"
                        },
                        "meta": {},
                        "tainted": false
                    },
                    "deposed": [],
                    "provider": "provider.aws"
                },
                "aws_route_table_association.tf_public_assoc.1": {
                    "type": "aws_route_table_association",
                    "depends_on": [
                        "aws_route_table.tf_public_rt",
                        "aws_subnet.tf_public_subnet",
                        "aws_subnet.tf_public_subnet.*"
                    ],
                    "primary": {
                        "id": "rtbassoc-00da24e8cc4ac6cca",
                        "attributes": {
                            "id": "rtbassoc-00da24e8cc4ac6cca",
                            "route_table_id": "rtb-01d8e9a9d71e51d92",
                            "subnet_id": "subnet-0d32392fb6d288c6e"
                        },
                        "meta": {},
                        "tainted": false
                    },
                    "deposed": [],
                    "provider": "provider.aws"
                },
                "aws_security_group.tf_private_SG": {
                    "type": "aws_security_group",
                    "depends_on": [
                        "aws_security_group.tf_public_SG",
                        "aws_vpc.tf_vpc"
                    ],
                    "primary": {
                        "id": "sg-034401560e60a7d0d",
                        "attributes": {
                            "arn": "arn:aws:ec2:us-west-2:382161387189:security-group/sg-034401560e60a7d0d",
                            "description": "Used for access to the private instances",
                            "egress.#": "0",
                            "id": "sg-034401560e60a7d0d",
                            "ingress.#": "1",
                            "ingress.1526230769.cidr_blocks.#": "0",
                            "ingress.1526230769.description": "",
                            "ingress.1526230769.from_port": "0",
                            "ingress.1526230769.ipv6_cidr_blocks.#": "0",
                            "ingress.1526230769.prefix_list_ids.#": "0",
                            "ingress.1526230769.protocol": "-1",
                            "ingress.1526230769.security_groups.#": "1",
                            "ingress.1526230769.security_groups.2081481949": "sg-05a6b378a64a7e0a4",
                            "ingress.1526230769.self": "false",
                            "ingress.1526230769.to_port": "0",
                            "name": "tf_private_sg",
                            "owner_id": "382161387189",
                            "revoke_rules_on_delete": "false",
                            "tags.%": "0",
                            "vpc_id": "vpc-0269a50f73ad9793a"
                        },
                        "meta": {
                            "e2bfb730-ecaa-11e6-8f88-34363bc7c4c0": {
                                "create": 600000000000,
                                "delete": 600000000000
                            },
                            "schema_version": "1"
                        },
                        "tainted": false
                    },
                    "deposed": [],
                    "provider": "provider.aws"
                },
                "aws_security_group.tf_public_SG": {
                    "type": "aws_security_group",
                    "depends_on": [
                        "aws_vpc.tf_vpc"
                    ],
                    "primary": {
                        "id": "sg-05a6b378a64a7e0a4",
                        "attributes": {
                            "arn": "arn:aws:ec2:us-west-2:382161387189:security-group/sg-05a6b378a64a7e0a4",
                            "description": "Used for access to the public instances",
                            "egress.#": "1",
                            "egress.482069346.cidr_blocks.#": "1",
                            "egress.482069346.cidr_blocks.0": "0.0.0.0/0",
                            "egress.482069346.description": "",
                            "egress.482069346.from_port": "0",
                            "egress.482069346.ipv6_cidr_blocks.#": "0",
                            "egress.482069346.prefix_list_ids.#": "0",
                            "egress.482069346.protocol": "-1",
                            "egress.482069346.security_groups.#": "0",
                            "egress.482069346.self": "false",
                            "egress.482069346.to_port": "0",
                            "id": "sg-05a6b378a64a7e0a4",
                            "ingress.#": "2",
                            "ingress.2049496938.cidr_blocks.#": "1",
                            "ingress.2049496938.cidr_blocks.0": "0.0.0.0/0",
                            "ingress.2049496938.description": "",
                            "ingress.2049496938.from_port": "3389",
                            "ingress.2049496938.ipv6_cidr_blocks.#": "0",
                            "ingress.2049496938.prefix_list_ids.#": "0",
                            "ingress.2049496938.protocol": "tcp",
                            "ingress.2049496938.security_groups.#": "0",
                            "ingress.2049496938.self": "true",
                            "ingress.2049496938.to_port": "3389",
                            "ingress.2541437006.cidr_blocks.#": "1",
                            "ingress.2541437006.cidr_blocks.0": "0.0.0.0/0",
                            "ingress.2541437006.description": "",
                            "ingress.2541437006.from_port": "22",
                            "ingress.2541437006.ipv6_cidr_blocks.#": "0",
                            "ingress.2541437006.prefix_list_ids.#": "0",
                            "ingress.2541437006.protocol": "tcp",
                            "ingress.2541437006.security_groups.#": "0",
                            "ingress.2541437006.self": "false",
                            "ingress.2541437006.to_port": "22",
                            "name": "tf_public_sg",
                            "owner_id": "382161387189",
                            "revoke_rules_on_delete": "false",
                            "tags.%": "0",
                            "vpc_id": "vpc-0269a50f73ad9793a"
                        },
                        "meta": {
                            "e2bfb730-ecaa-11e6-8f88-34363bc7c4c0": {
                                "create": 600000000000,
                                "delete": 600000000000
                            },
                            "schema_version": "1"
                        },
                        "tainted": false
                    },
                    "deposed": [],
                    "provider": "provider.aws"
                },
                "aws_subnet.tf_private_subnet.0": {
                    "type": "aws_subnet",
                    "depends_on": [
                        "aws_vpc.tf_vpc",
                        "data.aws_availability_zones.available"
                    ],
                    "primary": {
                        "id": "subnet-04493510cdf1f0241",
                        "attributes": {
                            "arn": "arn:aws:ec2:us-west-2:382161387189:subnet/subnet-04493510cdf1f0241",
                            "assign_ipv6_address_on_creation": "false",
                            "availability_zone": "us-west-2a",
                            "availability_zone_id": "usw2-az1",
                            "cidr_block": "192.168.3.0/24",
                            "id": "subnet-04493510cdf1f0241",
                            "ipv6_cidr_block": "",
                            "ipv6_cidr_block_association_id": "",
                            "map_public_ip_on_launch": "false",
                            "owner_id": "382161387189",
                            "tags.%": "1",
                            "tags.Name": "tf_private_1",
                            "vpc_id": "vpc-0269a50f73ad9793a"
                        },
                        "meta": {
                            "e2bfb730-ecaa-11e6-8f88-34363bc7c4c0": {
                                "create": 600000000000,
                                "delete": 600000000000
                            },
                            "schema_version": "1"
                        },
                        "tainted": false
                    },
                    "deposed": [],
                    "provider": "provider.aws"
                },
                "aws_subnet.tf_private_subnet.1": {
                    "type": "aws_subnet",
                    "depends_on": [
                        "aws_vpc.tf_vpc",
                        "data.aws_availability_zones.available"
                    ],
                    "primary": {
                        "id": "subnet-0595cb773607ed3ce",
                        "attributes": {
                            "arn": "arn:aws:ec2:us-west-2:382161387189:subnet/subnet-0595cb773607ed3ce",
                            "assign_ipv6_address_on_creation": "false",
                            "availability_zone": "us-west-2b",
                            "availability_zone_id": "usw2-az2",
                            "cidr_block": "192.168.4.0/24",
                            "id": "subnet-0595cb773607ed3ce",
                            "ipv6_cidr_block": "",
                            "ipv6_cidr_block_association_id": "",
                            "map_public_ip_on_launch": "false",
                            "owner_id": "382161387189",
                            "tags.%": "1",
                            "tags.Name": "tf_private_2",
                            "vpc_id": "vpc-0269a50f73ad9793a"
                        },
                        "meta": {
                            "e2bfb730-ecaa-11e6-8f88-34363bc7c4c0": {
                                "create": 600000000000,
                                "delete": 600000000000
                            },
                            "schema_version": "1"
                        },
                        "tainted": false
                    },
                    "deposed": [],
                    "provider": "provider.aws"
                },
                "aws_subnet.tf_public_subnet.0": {
                    "type": "aws_subnet",
                    "depends_on": [
                        "aws_vpc.tf_vpc",
                        "data.aws_availability_zones.available"
                    ],
                    "primary": {
                        "id": "subnet-08cb12cb9fc2c93c3",
                        "attributes": {
                            "arn": "arn:aws:ec2:us-west-2:382161387189:subnet/subnet-08cb12cb9fc2c93c3",
                            "assign_ipv6_address_on_creation": "false",
                            "availability_zone": "us-west-2a",
                            "availability_zone_id": "usw2-az1",
                            "cidr_block": "192.168.1.0/24",
                            "id": "subnet-08cb12cb9fc2c93c3",
                            "ipv6_cidr_block": "",
                            "ipv6_cidr_block_association_id": "",
                            "map_public_ip_on_launch": "true",
                            "owner_id": "382161387189",
                            "tags.%": "1",
                            "tags.Name": "tf_public_1",
                            "vpc_id": "vpc-0269a50f73ad9793a"
                        },
                        "meta": {
                            "e2bfb730-ecaa-11e6-8f88-34363bc7c4c0": {
                                "create": 600000000000,
                                "delete": 600000000000
                            },
                            "schema_version": "1"
                        },
                        "tainted": false
                    },
                    "deposed": [],
                    "provider": "provider.aws"
                },
                "aws_subnet.tf_public_subnet.1": {
                    "type": "aws_subnet",
                    "depends_on": [
                        "aws_vpc.tf_vpc",
                        "data.aws_availability_zones.available"
                    ],
                    "primary": {
                        "id": "subnet-0d32392fb6d288c6e",
                        "attributes": {
                            "arn": "arn:aws:ec2:us-west-2:382161387189:subnet/subnet-0d32392fb6d288c6e",
                            "assign_ipv6_address_on_creation": "false",
                            "availability_zone": "us-west-2b",
                            "availability_zone_id": "usw2-az2",
                            "cidr_block": "192.168.2.0/24",
                            "id": "subnet-0d32392fb6d288c6e",
                            "ipv6_cidr_block": "",
                            "ipv6_cidr_block_association_id": "",
                            "map_public_ip_on_launch": "true",
                            "owner_id": "382161387189",
                            "tags.%": "1",
                            "tags.Name": "tf_public_2",
                            "vpc_id": "vpc-0269a50f73ad9793a"
                        },
                        "meta": {
                            "e2bfb730-ecaa-11e6-8f88-34363bc7c4c0": {
                                "create": 600000000000,
                                "delete": 600000000000
                            },
                            "schema_version": "1"
                        },
                        "tainted": false
                    },
                    "deposed": [],
                    "provider": "provider.aws"
                },
                "aws_vpc.tf_vpc": {
                    "type": "aws_vpc",
                    "depends_on": [],
                    "primary": {
                        "id": "vpc-0269a50f73ad9793a",
                        "attributes": {
                            "arn": "arn:aws:ec2:us-west-2:382161387189:vpc/vpc-0269a50f73ad9793a",
                            "assign_generated_ipv6_cidr_block": "false",
                            "cidr_block": "192.168.0.0/16",
                            "default_network_acl_id": "acl-08f4443ef355608b8",
                            "default_route_table_id": "rtb-076e4ee125e3efdd6",
                            "default_security_group_id": "sg-0a2f92b95d0c13ac2",
                            "dhcp_options_id": "dopt-2cf22954",
                            "enable_classiclink": "false",
                            "enable_classiclink_dns_support": "false",
                            "enable_dns_hostnames": "true",
                            "enable_dns_support": "true",
                            "id": "vpc-0269a50f73ad9793a",
                            "instance_tenancy": "default",
                            "ipv6_association_id": "",
                            "ipv6_cidr_block": "",
                            "main_route_table_id": "rtb-076e4ee125e3efdd6",
                            "owner_id": "382161387189",
                            "tags.%": "1",
                            "tags.Createdby": "tf"
                        },
                        "meta": {
                            "schema_version": "1"
                        },
                        "tainted": false
                    },
                    "deposed": [],
                    "provider": "provider.aws"
                },
                "aws_vpc_ipv4_cidr_block_association.secondary_cidr": {
                    "type": "aws_vpc_ipv4_cidr_block_association",
                    "depends_on": [
                        "aws_vpc.tf_vpc"
                    ],
                    "primary": {
                        "id": "vpc-cidr-assoc-0c3fce3d826b1f428",
                        "attributes": {
                            "cidr_block": "192.169.0.0/16",
                            "id": "vpc-cidr-assoc-0c3fce3d826b1f428",
                            "vpc_id": "vpc-0269a50f73ad9793a"
                        },
                        "meta": {
                            "e2bfb730-ecaa-11e6-8f88-34363bc7c4c0": {
                                "create": 600000000000,
                                "delete": 600000000000
                            }
                        },
                        "tainted": false
                    },
                    "deposed": [],
                    "provider": "provider.aws"
                },
                "data.aws_availability_zones.available": {
                    "type": "aws_availability_zones",
                    "depends_on": [],
                    "primary": {
                        "id": "2019-04-24 09:12:09.8973732 +0000 UTC",
                        "attributes": {
                            "id": "2019-04-24 09:12:09.8973732 +0000 UTC",
                            "names.#": "4",
                            "names.0": "us-west-2a",
                            "names.1": "us-west-2b",
                            "names.2": "us-west-2c",
                            "names.3": "us-west-2d",
                            "zone_ids.#": "4",
                            "zone_ids.0": "usw2-az1",
                            "zone_ids.1": "usw2-az2",
                            "zone_ids.2": "usw2-az3",
                            "zone_ids.3": "usw2-az4"
                        },
                        "meta": {},
                        "tainted": false
                    },
                    "deposed": [],
                    "provider": "provider.aws"
                }
            },
            "depends_on": []
        },
        {
            "path": [
                "root",
                "storage"
            ],
            "outputs": {
                "s3_bucket": {
                    "sensitive": false,
                    "type": "string",
                    "value": "easethelifehimanshu.com"
                }
            },
            "resources": {
                "aws_s3_bucket.easemylife": {
                    "type": "aws_s3_bucket",
                    "depends_on": [],
                    "primary": {
                        "id": "easethelifehimanshu.com",
                        "attributes": {
                            "acceleration_status": "",
                            "acl": "private",
                            "arn": "arn:aws:s3:::easethelifehimanshu.com",
                            "bucket": "easethelifehimanshu.com",
                            "bucket_domain_name": "easethelifehimanshu.com.s3.amazonaws.com",
                            "bucket_regional_domain_name": "easethelifehimanshu.com.s3.us-west-2.amazonaws.com",
                            "cors_rule.#": "0",
                            "force_destroy": "false",
                            "hosted_zone_id": "Z3BJ6K6RIION7M",
                            "id": "easethelifehimanshu.com",
                            "lifecycle_rule.#": "0",
                            "logging.#": "0",
                            "object_lock_configuration.#": "0",
                            "region": "us-west-2",
                            "replication_configuration.#": "0",
                            "request_payer": "BucketOwner",
                            "server_side_encryption_configuration.#": "0",
                            "tags.%": "2",
                            "tags.Environment": "Dev",
                            "tags.Name": "My bucket",
                            "versioning.#": "1",
                            "versioning.0.enabled": "false",
                            "versioning.0.mfa_delete": "false",
                            "website.#": "0"
                        },
                        "meta": {},
                        "tainted": false
                    },
                    "deposed": [],
                    "provider": "provider.aws"
                }
            },
            "depends_on": []
        }
    ]
}
